
Microsoft Visual Studio Solution File, Format Version 12.00
# Visual Studio Version 16
VisualStudioVersion = 16.0.31624.102
MinimumVisualStudioVersion = 10.0.40219.1
Project("{FAE04EC0-301F-11D3-BF4B-00C04F79EFBC}") = "Health System", "Health System\Health System.csproj", "{F596F9A4-4D86-41A7-AE5E-A8767C83D6BA}"
EndProject
Global
	GlobalSection(SolutionConfigurationPlatforms) = preSolution
		Debug|Any CPU = Debug|Any CPU
		Release|Any CPU = Release|Any CPU
	EndGlobalSection
	GlobalSection(ProjectConfigurationPlatforms) = postSolution
		{F596F9A4-4D86-41A7-AE5E-A8767C83D6BA}.Debug|Any CPU.ActiveCfg = Debug|Any CPU
		{F596F9A4-4D86-41A7-AE5E-A8767C83D6BA}.Debug|Any CPU.Build.0 = Debug|Any CPU
		{F596F9A4-4D86-41A7-AE5E-A8767C83D6BA}.Release|Any CPU.ActiveCfg = Release|Any CPU
		{F596F9A4-4D86-41A7-AE5E-A8767C83D6BA}.Release|Any CPU.Build.0 = Release|Any CPU
	EndGlobalSection
	GlobalSection(SolutionProperties) = preSolution
		HideSolutionNode = FALSE
	EndGlobalSection
	GlobalSection(ExtensibilityGlobals) = postSolution
		SolutionGuid = {7FA066D3-9813-48E8-B073-BC481CCF70F0}
	EndGlobalSection
EndGlobal
